{
  "originHash" : "a7478e138640eff09eaa7adb21304b0e345a7cecd42088c1c2285d0b85df5866",
  "pins" : [
    {
      "identity" : "objectbox-swift-spm",
      "kind" : "remoteSourceControl",
      "location" : "https://github.com/objectbox/objectbox-swift-spm",
      "state" : {
        "revision" : "eb4238dad6e07ca4f7d99e47ff2936fb837c0c39",
        "version" : "5.3.0"
      }
    }
  ],
  "version" : 3
}
